
Microsoft Visual Studio Solution File, Format Version 12.00
# Visual Studio 2012
Project("{FAE04EC0-301F-11D3-BF4B-00C04F79EFBC}") = "SampleRESTfulWebService", "SampleRESTfulWebService\SampleRESTfulWebService.csproj", "{8B7F6E44-4492-4B76-A79D-ABCDC6A56995}"
EndProject
Project("{FAE04EC0-301F-11D3-BF4B-00C04F79EFBC}") = "SampleRESTfulWebService.iOS", "iOS\SampleRESTfulWebService.iOS.csproj", "{D2B6D320-5CDF-4D4E-9F52-4AE7A35046C1}"
EndProject
Project("{FAE04EC0-301F-11D3-BF4B-00C04F79EFBC}") = "SampleRESTfulWebService.Droid", "Droid\SampleRESTfulWebService.Droid.csproj", "{B5A6ABC1-0BAE-4F56-BA42-9409BDCFD5A3}"
EndProject
Global
	GlobalSection(SolutionConfigurationPlatforms) = preSolution
		Debug|Any CPU = Debug|Any CPU
		Release|Any CPU = Release|Any CPU
		Debug|iPhoneSimulator = Debug|iPhoneSimulator
		Release|iPhone = Release|iPhone
		Release|iPhoneSimulator = Release|iPhoneSimulator
		Debug|iPhone = Debug|iPhone
	EndGlobalSection
	GlobalSection(ProjectConfigurationPlatforms) = postSolution
		{8B7F6E44-4492-4B76-A79D-ABCDC6A56995}.Debug|Any CPU.ActiveCfg = Debug|Any CPU
		{8B7F6E44-4492-4B76-A79D-ABCDC6A56995}.Debug|Any CPU.Build.0 = Debug|Any CPU
		{8B7F6E44-4492-4B76-A79D-ABCDC6A56995}.Release|Any CPU.ActiveCfg = Release|Any CPU
		{8B7F6E44-4492-4B76-A79D-ABCDC6A56995}.Release|Any CPU.Build.0 = Release|Any CPU
		{8B7F6E44-4492-4B76-A79D-ABCDC6A56995}.Debug|iPhoneSimulator.ActiveCfg = Debug|Any CPU
		{8B7F6E44-4492-4B76-A79D-ABCDC6A56995}.Debug|iPhoneSimulator.Build.0 = Debug|Any CPU
		{8B7F6E44-4492-4B76-A79D-ABCDC6A56995}.Release|iPhone.ActiveCfg = Release|Any CPU
		{8B7F6E44-4492-4B76-A79D-ABCDC6A56995}.Release|iPhone.Build.0 = Release|Any CPU
		{8B7F6E44-4492-4B76-A79D-ABCDC6A56995}.Release|iPhoneSimulator.ActiveCfg = Release|Any CPU
		{8B7F6E44-4492-4B76-A79D-ABCDC6A56995}.Release|iPhoneSimulator.Build.0 = Release|Any CPU
		{8B7F6E44-4492-4B76-A79D-ABCDC6A56995}.Debug|iPhone.ActiveCfg = Debug|Any CPU
		{8B7F6E44-4492-4B76-A79D-ABCDC6A56995}.Debug|iPhone.Build.0 = Debug|Any CPU
		{D2B6D320-5CDF-4D4E-9F52-4AE7A35046C1}.Debug|Any CPU.ActiveCfg = Debug|iPhoneSimulator
		{D2B6D320-5CDF-4D4E-9F52-4AE7A35046C1}.Debug|Any CPU.Build.0 = Debug|iPhoneSimulator
		{D2B6D320-5CDF-4D4E-9F52-4AE7A35046C1}.Release|Any CPU.ActiveCfg = Release|iPhone
		{D2B6D320-5CDF-4D4E-9F52-4AE7A35046C1}.Release|Any CPU.Build.0 = Release|iPhone
		{D2B6D320-5CDF-4D4E-9F52-4AE7A35046C1}.Debug|iPhoneSimulator.ActiveCfg = Debug|iPhoneSimulator
		{D2B6D320-5CDF-4D4E-9F52-4AE7A35046C1}.Debug|iPhoneSimulator.Build.0 = Debug|iPhoneSimulator
		{D2B6D320-5CDF-4D4E-9F52-4AE7A35046C1}.Release|iPhone.ActiveCfg = Release|iPhone
		{D2B6D320-5CDF-4D4E-9F52-4AE7A35046C1}.Release|iPhone.Build.0 = Release|iPhone
		{D2B6D320-5CDF-4D4E-9F52-4AE7A35046C1}.Release|iPhoneSimulator.ActiveCfg = Release|iPhoneSimulator
		{D2B6D320-5CDF-4D4E-9F52-4AE7A35046C1}.Release|iPhoneSimulator.Build.0 = Release|iPhoneSimulator
		{D2B6D320-5CDF-4D4E-9F52-4AE7A35046C1}.Debug|iPhone.ActiveCfg = Debug|iPhone
		{D2B6D320-5CDF-4D4E-9F52-4AE7A35046C1}.Debug|iPhone.Build.0 = Debug|iPhone
		{B5A6ABC1-0BAE-4F56-BA42-9409BDCFD5A3}.Debug|Any CPU.ActiveCfg = Debug|Any CPU
		{B5A6ABC1-0BAE-4F56-BA42-9409BDCFD5A3}.Debug|Any CPU.Build.0 = Debug|Any CPU
		{B5A6ABC1-0BAE-4F56-BA42-9409BDCFD5A3}.Release|Any CPU.ActiveCfg = Release|Any CPU
		{B5A6ABC1-0BAE-4F56-BA42-9409BDCFD5A3}.Release|Any CPU.Build.0 = Release|Any CPU
		{B5A6ABC1-0BAE-4F56-BA42-9409BDCFD5A3}.Debug|iPhoneSimulator.ActiveCfg = Debug|Any CPU
		{B5A6ABC1-0BAE-4F56-BA42-9409BDCFD5A3}.Debug|iPhoneSimulator.Build.0 = Debug|Any CPU
		{B5A6ABC1-0BAE-4F56-BA42-9409BDCFD5A3}.Release|iPhone.ActiveCfg = Release|Any CPU
		{B5A6ABC1-0BAE-4F56-BA42-9409BDCFD5A3}.Release|iPhone.Build.0 = Release|Any CPU
		{B5A6ABC1-0BAE-4F56-BA42-9409BDCFD5A3}.Release|iPhoneSimulator.ActiveCfg = Release|Any CPU
		{B5A6ABC1-0BAE-4F56-BA42-9409BDCFD5A3}.Release|iPhoneSimulator.Build.0 = Release|Any CPU
		{B5A6ABC1-0BAE-4F56-BA42-9409BDCFD5A3}.Debug|iPhone.ActiveCfg = Debug|Any CPU
		{B5A6ABC1-0BAE-4F56-BA42-9409BDCFD5A3}.Debug|iPhone.Build.0 = Debug|Any CPU
	EndGlobalSection
EndGlobal
